// !$*UTF8*$!
{
	archiveVersion = 1;
	classes = {
	};
	objectVersion = 50;
	objects = {

/* Begin PBXBuildFile section */
		4D244B622432758E00A1A4EE /* AboutController.swift in Sources */ = {isa = PBXBuildFile; fileRef = 4D244B612432758E00A1A4EE /* AboutController.swift */; };
		4D244B64243275B400A1A4EE /* AboutView.swift in Sources */ = {isa = PBXBuildFile; fileRef = 4D244B63243275B400A1A4EE /* AboutView.swift */; };
		4D64B43A24309EE800846A71 /* StackViewExtensions.swift in Sources */ = {isa = PBXBuildFile; fileRef = 4D64B43924309EE800846A71 /* StackViewExtensions.swift */; };
		4D96EA13242E00D900FFBD00 /* AppDelegate.swift in Sources */ = {isa = PBXBuildFile; fileRef = 4D96EA12242E00D900FFBD00 /* AppDelegate.swift */; };
		4D96EA15242E00D900FFBD00 /* SceneDelegate.swift in Sources */ = {isa = PBXBuildFile; fileRef = 4D96EA14242E00D900FFBD00 /* SceneDelegate.swift */; };
		4D96EA17242E00D900FFBD00 /* DashboardController.swift in Sources */ = {isa = PBXBuildFile; fileRef = 4D96EA16242E00D900FFBD00 /* DashboardController.swift */; };
		4D96EA1C242E00DE00FFBD00 /* Assets.xcassets in Resources */ = {isa = PBXBuildFile; fileRef = 4D96EA1B242E00DE00FFBD00 /* Assets.xcassets */; };
		4D96EA1F242E00DE00FFBD00 /* LaunchScreen.storyboard in Resources */ = {isa = PBXBuildFile; fileRef = 4D96EA1D242E00DE00FFBD00 /* LaunchScreen.storyboard */; };
		4D96EA2A242E036C00FFBD00 /* TabBarController.swift in Sources */ = {isa = PBXBuildFile; fileRef = 4D96EA29242E036C00FFBD00 /* TabBarController.swift */; };
		4D96EA2F242E052600FFBD00 /* NetworkCall.swift in Sources */ = {isa = PBXBuildFile; fileRef = 4D96EA2E242E052600FFBD00 /* NetworkCall.swift */; };
		4D96EA31242E07DD00FFBD00 /* Summary.swift in Sources */ = {isa = PBXBuildFile; fileRef = 4D96EA30242E07DD00FFBD00 /* Summary.swift */; };
		4D96EA33242E0A8900FFBD00 /* GlobalSummary.swift in Sources */ = {isa = PBXBuildFile; fileRef = 4D96EA32242E0A8900FFBD00 /* GlobalSummary.swift */; };
		4D96EA35242E0BDC00FFBD00 /* Country.swift in Sources */ = {isa = PBXBuildFile; fileRef = 4D96EA34242E0BDC00FFBD00 /* Country.swift */; };
		4D96EA37242E11C900FFBD00 /* DashboardView.swift in Sources */ = {isa = PBXBuildFile; fileRef = 4D96EA36242E11C900FFBD00 /* DashboardView.swift */; };
		4D96EA39242E478C00FFBD00 /* AnimatedLabel.swift in Sources */ = {isa = PBXBuildFile; fileRef = 4D96EA38242E478C00FFBD00 /* AnimatedLabel.swift */; };
/* End PBXBuildFile section */

/* Begin PBXFileReference section */
		4D244B612432758E00A1A4EE /* AboutController.swift */ = {isa = PBXFileReference; lastKnownFileType = sourcecode.swift; path = AboutController.swift; sourceTree = "<group>"; };
		4D244B63243275B400A1A4EE /* AboutView.swift */ = {isa = PBXFileReference; lastKnownFileType = sourcecode.swift; path = AboutView.swift; sourceTree = "<group>"; };
		4D64B43924309EE800846A71 /* StackViewExtensions.swift */ = {isa = PBXFileReference; lastKnownFileType = sourcecode.swift; path = StackViewExtensions.swift; sourceTree = "<group>"; };
		4D96EA0F242E00D900FFBD00 /* Covid19Tracker.app */ = {isa = PBXFileReference; explicitFileType = wrapper.application; includeInIndex = 0; path = Covid19Tracker.app; sourceTree = BUILT_PRODUCTS_DIR; };
		4D96EA12242E00D900FFBD00 /* AppDelegate.swift */ = {isa = PBXFileReference; lastKnownFileType = sourcecode.swift; path = AppDelegate.swift; sourceTree = "<group>"; };
		4D96EA14242E00D900FFBD00 /* SceneDelegate.swift */ = {isa = PBXFileReference; lastKnownFileType = sourcecode.swift; path = SceneDelegate.swift; sourceTree = "<group>"; };
		4D96EA16242E00D900FFBD00 /* DashboardController.swift */ = {isa = PBXFileReference; lastKnownFileType = sourcecode.swift; path = DashboardController.swift; sourceTree = "<group>"; };
		4D96EA1B242E00DE00FFBD00 /* Assets.xcassets */ = {isa = PBXFileReference; lastKnownFileType = folder.assetcatalog; path = Assets.xcassets; sourceTree = "<group>"; };
		4D96EA1E242E00DE00FFBD00 /* Base */ = {isa = PBXFileReference; lastKnownFileType = file.storyboard; name = Base; path = Base.lproj/LaunchScreen.storyboard; sourceTree = "<group>"; };
		4D96EA20242E00DE00FFBD00 /* Info.plist */ = {isa = PBXFileReference; lastKnownFileType = text.plist.xml; path = Info.plist; sourceTree = "<group>"; };
		4D96EA29242E036C00FFBD00 /* TabBarController.swift */ = {isa = PBXFileReference; lastKnownFileType = sourcecode.swift; path = TabBarController.swift; sourceTree = "<group>"; };
		4D96EA2E242E052600FFBD00 /* NetworkCall.swift */ = {isa = PBXFileReference; lastKnownFileType = sourcecode.swift; path = NetworkCall.swift; sourceTree = "<group>"; };
		4D96EA30242E07DD00FFBD00 /* Summary.swift */ = {isa = PBXFileReference; lastKnownFileType = sourcecode.swift; path = Summary.swift; sourceTree = "<group>"; };
		4D96EA32242E0A8900FFBD00 /* GlobalSummary.swift */ = {isa = PBXFileReference; lastKnownFileType = sourcecode.swift; path = GlobalSummary.swift; sourceTree = "<group>"; };
		4D96EA34242E0BDC00FFBD00 /* Country.swift */ = {isa = PBXFileReference; lastKnownFileType = sourcecode.swift; path = Country.swift; sourceTree = "<group>"; };
		4D96EA36242E11C900FFBD00 /* DashboardView.swift */ = {isa = PBXFileReference; lastKnownFileType = sourcecode.swift; path = DashboardView.swift; sourceTree = "<group>"; };
		4D96EA38242E478C00FFBD00 /* AnimatedLabel.swift */ = {isa = PBXFileReference; lastKnownFileType = sourcecode.swift; path = AnimatedLabel.swift; sourceTree = "<group>"; };
/* End PBXFileReference section */

/* Begin PBXFrameworksBuildPhase section */
		4D96EA0C242E00D900FFBD00 /* Frameworks */ = {
			isa = PBXFrameworksBuildPhase;
			buildActionMask = 2147483647;
			files = (
			);
			runOnlyForDeploymentPostprocessing = 0;
		};
/* End PBXFrameworksBuildPhase section */

/* Begin PBXGroup section */
		4D96EA06242E00D900FFBD00 = {
			isa = PBXGroup;
			children = (
				4D96EA11242E00D900FFBD00 /* Covid19Tracker */,
				4D96EA10242E00D900FFBD00 /* Products */,
			);
			sourceTree = "<group>";
		};
		4D96EA10242E00D900FFBD00 /* Products */ = {
			isa = PBXGroup;
			children = (
				4D96EA0F242E00D900FFBD00 /* Covid19Tracker.app */,
			);
			name = Products;
			sourceTree = "<group>";
		};
		4D96EA11242E00D900FFBD00 /* Covid19Tracker */ = {
			isa = PBXGroup;
			children = (
				4D96EA2D242E050D00FFBD00 /* Utilities */,
				4D96EA28242E023E00FFBD00 /* Model */,
				4D96EA26242E021C00FFBD00 /* Controller */,
				4D96EA27242E023000FFBD00 /* View */,
				4D96EA12242E00D900FFBD00 /* AppDelegate.swift */,
				4D96EA14242E00D900FFBD00 /* SceneDelegate.swift */,
				4D96EA1B242E00DE00FFBD00 /* Assets.xcassets */,
				4D96EA1D242E00DE00FFBD00 /* LaunchScreen.storyboard */,
				4D96EA20242E00DE00FFBD00 /* Info.plist */,
			);
			path = Covid19Tracker;
			sourceTree = "<group>";
		};
		4D96EA26242E021C00FFBD00 /* Controller */ = {
			isa = PBXGroup;
			children = (
				4D96EA29242E036C00FFBD00 /* TabBarController.swift */,
				4D96EA16242E00D900FFBD00 /* DashboardController.swift */,
				4D244B612432758E00A1A4EE /* AboutController.swift */,
			);
			path = Controller;
			sourceTree = "<group>";
		};
		4D96EA27242E023000FFBD00 /* View */ = {
			isa = PBXGroup;
			children = (
				4D96EA36242E11C900FFBD00 /* DashboardView.swift */,
				4D244B63243275B400A1A4EE /* AboutView.swift */,
			);
			path = View;
			sourceTree = "<group>";
		};
		4D96EA28242E023E00FFBD00 /* Model */ = {
			isa = PBXGroup;
			children = (
				4D96EA30242E07DD00FFBD00 /* Summary.swift */,
				4D96EA32242E0A8900FFBD00 /* GlobalSummary.swift */,
				4D96EA34242E0BDC00FFBD00 /* Country.swift */,
			);
			path = Model;
			sourceTree = "<group>";
		};
		4D96EA2D242E050D00FFBD00 /* Utilities */ = {
			isa = PBXGroup;
			children = (
				4D96EA2E242E052600FFBD00 /* NetworkCall.swift */,
				4D96EA38242E478C00FFBD00 /* AnimatedLabel.swift */,
				4D64B43924309EE800846A71 /* StackViewExtensions.swift */,
			);
			path = Utilities;
			sourceTree = "<group>";
		};
/* End PBXGroup section */

/* Begin PBXNativeTarget section */
		4D96EA0E242E00D900FFBD00 /* Covid19Tracker */ = {
			isa = PBXNativeTarget;
			buildConfigurationList = 4D96EA23242E00DE00FFBD00 /* Build configuration list for PBXNativeTarget "Covid19Tracker" */;
			buildPhases = (
				4D96EA0B242E00D900FFBD00 /* Sources */,
				4D96EA0C242E00D900FFBD00 /* Frameworks */,
				4D96EA0D242E00D900FFBD00 /* Resources */,
			);
			buildRules = (
			);
			dependencies = (
			);
			name = Covid19Tracker;
			productName = Covid19Tracker;
			productReference = 4D96EA0F242E00D900FFBD00 /* Covid19Tracker.app */;
			productType = "com.apple.product-type.application";
		};
/* End PBXNativeTarget section */

/* Begin PBXProject section */
		4D96EA07242E00D900FFBD00 /* Project object */ = {
			isa = PBXProject;
			attributes = {
				LastSwiftUpdateCheck = 1140;
				LastUpgradeCheck = 1140;
				ORGANIZATIONNAME = "Mark Villar";
				TargetAttributes = {
					4D96EA0E242E00D900FFBD00 = {
						CreatedOnToolsVersion = 11.4;
					};
				};
			};
			buildConfigurationList = 4D96EA0A242E00D900FFBD00 /* Build configuration list for PBXProject "Covid19Tracker" */;
			compatibilityVersion = "Xcode 9.3";
			developmentRegion = en;
			hasScannedForEncodings = 0;
			knownRegions = (
				en,
				Base,
			);
			mainGroup = 4D96EA06242E00D900FFBD00;
			productRefGroup = 4D96EA10242E00D900FFBD00 /* Products */;
			projectDirPath = "";
			projectRoot = "";
			targets = (
				4D96EA0E242E00D900FFBD00 /* Covid19Tracker */,
			);
		};
/* End PBXProject section */

/* Begin PBXResourcesBuildPhase section */
		4D96EA0D242E00D900FFBD00 /* Resources */ = {
			isa = PBXResourcesBuildPhase;
			buildActionMask = 2147483647;
			files = (
				4D96EA1F242E00DE00FFBD00 /* LaunchScreen.storyboard in Resources */,
				4D96EA1C242E00DE00FFBD00 /* Assets.xcassets in Resources */,
			);
			runOnlyForDeploymentPostprocessing = 0;
		};
/* End PBXResourcesBuildPhase section */

/* Begin PBXSourcesBuildPhase section */
		4D96EA0B242E00D900FFBD00 /* Sources */ = {
			isa = PBXSourcesBuildPhase;
			buildActionMask = 2147483647;
			files = (
				4D96EA17242E00D900FFBD00 /* DashboardController.swift in Sources */,
				4D96EA2A242E036C00FFBD00 /* TabBarController.swift in Sources */,
				4D96EA33242E0A8900FFBD00 /* GlobalSummary.swift in Sources */,
				4D96EA13242E00D900FFBD00 /* AppDelegate.swift in Sources */,
				4D244B64243275B400A1A4EE /* AboutView.swift in Sources */,
				4D64B43A24309EE800846A71 /* StackViewExtensions.swift in Sources */,
				4D96EA37242E11C900FFBD00 /* DashboardView.swift in Sources */,
				4D96EA39242E478C00FFBD00 /* AnimatedLabel.swift in Sources */,
				4D96EA35242E0BDC00FFBD00 /* Country.swift in Sources */,
				4D96EA15242E00D900FFBD00 /* SceneDelegate.swift in Sources */,
				4D96EA31242E07DD00FFBD00 /* Summary.swift in Sources */,
				4D96EA2F242E052600FFBD00 /* NetworkCall.swift in Sources */,
				4D244B622432758E00A1A4EE /* AboutController.swift in Sources */,
			);
			runOnlyForDeploymentPostprocessing = 0;
		};
/* End PBXSourcesBuildPhase section */

/* Begin PBXVariantGroup section */
		4D96EA1D242E00DE00FFBD00 /* LaunchScreen.storyboard */ = {
			isa = PBXVariantGroup;
			children = (
				4D96EA1E242E00DE00FFBD00 /* Base */,
			);
			name = LaunchScreen.storyboard;
			sourceTree = "<group>";
		};
/* End PBXVariantGroup section */

/* Begin XCBuildConfiguration section */
		4D96EA21242E00DE00FFBD00 /* Debug */ = {
			isa = XCBuildConfiguration;
			buildSettings = {
				ALWAYS_SEARCH_USER_PATHS = NO;
				CLANG_ANALYZER_NONNULL = YES;
				CLANG_ANALYZER_NUMBER_OBJECT_CONVERSION = YES_AGGRESSIVE;
				CLANG_CXX_LANGUAGE_STANDARD = "gnu++14";
				CLANG_CXX_LIBRARY = "libc++";
				CLANG_ENABLE_MODULES = YES;
				CLANG_ENABLE_OBJC_ARC = YES;
				CLANG_ENABLE_OBJC_WEAK = YES;
				CLANG_WARN_BLOCK_CAPTURE_AUTORELEASING = YES;
				CLANG_WARN_BOOL_CONVERSION = YES;
				CLANG_WARN_COMMA = YES;
				CLANG_WARN_CONSTANT_CONVERSION = YES;
				CLANG_WARN_DEPRECATED_OBJC_IMPLEMENTATIONS = YES;
				CLANG_WARN_DIRECT_OBJC_ISA_USAGE = YES_ERROR;
				CLANG_WARN_DOCUMENTATION_COMMENTS = YES;
				CLANG_WARN_EMPTY_BODY = YES;
				CLANG_WARN_ENUM_CONVERSION = YES;
				CLANG_WARN_INFINITE_RECURSION = YES;
				CLANG_WARN_INT_CONVERSION = YES;
				CLANG_WARN_NON_LITERAL_NULL_CONVERSION = YES;
				CLANG_WARN_OBJC_IMPLICIT_RETAIN_SELF = YES;
				CLANG_WARN_OBJC_LITERAL_CONVERSION = YES;
				CLANG_WARN_OBJC_ROOT_CLASS = YES_ERROR;
				CLANG_WARN_RANGE_LOOP_ANALYSIS = YES;
				CLANG_WARN_STRICT_PROTOTYPES = YES;
				CLANG_WARN_SUSPICIOUS_MOVE = YES;
				CLANG_WARN_UNGUARDED_AVAILABILITY = YES_AGGRESSIVE;
				CLANG_WARN_UNREACHABLE_CODE = YES;
				CLANG_WARN__DUPLICATE_METHOD_MATCH = YES;
				COPY_PHASE_STRIP = NO;
				DEBUG_INFORMATION_FORMAT = dwarf;
				ENABLE_STRICT_OBJC_MSGSEND = YES;
				ENABLE_TESTABILITY = YES;
				GCC_C_LANGUAGE_STANDARD = gnu11;
				GCC_DYNAMIC_NO_PIC = NO;
				GCC_NO_COMMON_BLOCKS = YES;
				GCC_OPTIMIZATION_LEVEL = 0;
				GCC_PREPROCESSOR_DEFINITIONS = (
					"DEBUG=1",
					"$(inherited)",
				);
				GCC_WARN_64_TO_32_BIT_CONVERSION = YES;
				GCC_WARN_ABOUT_RETURN_TYPE = YES_ERROR;
				GCC_WARN_UNDECLARED_SELECTOR = YES;
				GCC_WARN_UNINITIALIZED_AUTOS = YES_AGGRESSIVE;
				GCC_WARN_UNUSED_FUNCTION = YES;
				GCC_WARN_UNUSED_VARIABLE = YES;
				IPHONEOS_DEPLOYMENT_TARGET = 13.4;
				MTL_ENABLE_DEBUG_INFO = INCLUDE_SOURCE;
				MTL_FAST_MATH = YES;
				ONLY_ACTIVE_ARCH = YES;
				SDKROOT = iphoneos;
				SWIFT_ACTIVE_COMPILATION_CONDITIONS = DEBUG;
				SWIFT_OPTIMIZATION_LEVEL = "-Onone";
			};
			name = Debug;
		};
		4D96EA22242E00DE00FFBD00 /* Release */ = {
			isa = XCBuildConfiguration;
			buildSettings = {
				ALWAYS_SEARCH_USER_PATHS = NO;
				CLANG_ANALYZER_NONNULL = YES;
				CLANG_ANALYZER_NUMBER_OBJECT_CONVERSION = YES_AGGRESSIVE;
				CLANG_CXX_LANGUAGE_STANDARD = "gnu++14";
				CLANG_CXX_LIBRARY = "libc++";
				CLANG_ENABLE_MODULES = YES;
				CLANG_ENABLE_OBJC_ARC = YES;
				CLANG_ENABLE_OBJC_WEAK = YES;
				CLANG_WARN_BLOCK_CAPTURE_AUTORELEASING = YES;
				CLANG_WARN_BOOL_CONVERSION = YES;
				CLANG_WARN_COMMA = YES;
				CLANG_WARN_CONSTANT_CONVERSION = YES;
				CLANG_WARN_DEPRECATED_OBJC_IMPLEMENTATIONS = YES;
				CLANG_WARN_DIRECT_OBJC_ISA_USAGE = YES_ERROR;
				CLANG_WARN_DOCUMENTATION_COMMENTS = YES;
				CLANG_WARN_EMPTY_BODY = YES;
				CLANG_WARN_ENUM_CONVERSION = YES;
				CLANG_WARN_INFINITE_RECURSION = YES;
				CLANG_WARN_INT_CONVERSION = YES;
				CLANG_WARN_NON_LITERAL_NULL_CONVERSION = YES;
				CLANG_WARN_OBJC_IMPLICIT_RETAIN_SELF = YES;
				CLANG_WARN_OBJC_LITERAL_CONVERSION = YES;
				CLANG_WARN_OBJC_ROOT_CLASS = YES_ERROR;
				CLANG_WARN_RANGE_LOOP_ANALYSIS = YES;
				CLANG_WARN_STRICT_PROTOTYPES = YES;
				CLANG_WARN_SUSPICIOUS_MOVE = YES;
				CLANG_WARN_UNGUARDED_AVAILABILITY = YES_AGGRESSIVE;
				CLANG_WARN_UNREACHABLE_CODE = YES;
				CLANG_WARN__DUPLICATE_METHOD_MATCH = YES;
				COPY_PHASE_STRIP = NO;
				DEBUG_INFORMATION_FORMAT = "dwarf-with-dsym";
				ENABLE_NS_ASSERTIONS = NO;
				ENABLE_STRICT_OBJC_MSGSEND = YES;
				GCC_C_LANGUAGE_STANDARD = gnu11;
				GCC_NO_COMMON_BLOCKS = YES;
				GCC_WARN_64_TO_32_BIT_CONVERSION = YES;
				GCC_WARN_ABOUT_RETURN_TYPE = YES_ERROR;
				GCC_WARN_UNDECLARED_SELECTOR = YES;
				GCC_WARN_UNINITIALIZED_AUTOS = YES_AGGRESSIVE;
				GCC_WARN_UNUSED_FUNCTION = YES;
				GCC_WARN_UNUSED_VARIABLE = YES;
				IPHONEOS_DEPLOYMENT_TARGET = 13.4;
				MTL_ENABLE_DEBUG_INFO = NO;
				MTL_FAST_MATH = YES;
				SDKROOT = iphoneos;
				SWIFT_COMPILATION_MODE = wholemodule;
				SWIFT_OPTIMIZATION_LEVEL = "-O";
				VALIDATE_PRODUCT = YES;
			};
			name = Release;
		};
		4D96EA24242E00DE00FFBD00 /* Debug */ = {
			isa = XCBuildConfiguration;
			buildSettings = {
				ASSETCATALOG_COMPILER_APPICON_NAME = AppIcon;
				CODE_SIGN_STYLE = Automatic;
				INFOPLIST_FILE = Covid19Tracker/Info.plist;
				LD_RUNPATH_SEARCH_PATHS = (
					"$(inherited)",
					"@executable_path/Frameworks",
				);
				PRODUCT_BUNDLE_IDENTIFIER = com.markvillar.Covid19Tracker;
				PRODUCT_NAME = "$(TARGET_NAME)";
				SWIFT_VERSION = 5.0;
				TARGETED_DEVICE_FAMILY = "1,2";
			};
			name = Debug;
		};
		4D96EA25242E00DE00FFBD00 /* Release */ = {
			isa = XCBuildConfiguration;
			buildSettings = {
				ASSETCATALOG_COMPILER_APPICON_NAME = AppIcon;
				CODE_SIGN_STYLE = Automatic;
				INFOPLIST_FILE = Covid19Tracker/Info.plist;
				LD_RUNPATH_SEARCH_PATHS = (
					"$(inherited)",
					"@executable_path/Frameworks",
				);
				PRODUCT_BUNDLE_IDENTIFIER = com.markvillar.Covid19Tracker;
				PRODUCT_NAME = "$(TARGET_NAME)";
				SWIFT_VERSION = 5.0;
				TARGETED_DEVICE_FAMILY = "1,2";
			};
			name = Release;
		};
/* End XCBuildConfiguration section */

/* Begin XCConfigurationList section */
		4D96EA0A242E00D900FFBD00 /* Build configuration list for PBXProject "Covid19Tracker" */ = {
			isa = XCConfigurationList;
			buildConfigurations = (
				4D96EA21242E00DE00FFBD00 /* Debug */,
				4D96EA22242E00DE00FFBD00 /* Release */,
			);
			defaultConfigurationIsVisible = 0;
			defaultConfigurationName = Release;
		};
		4D96EA23242E00DE00FFBD00 /* Build configuration list for PBXNativeTarget "Covid19Tracker" */ = {
			isa = XCConfigurationList;
			buildConfigurations = (
				4D96EA24242E00DE00FFBD00 /* Debug */,
				4D96EA25242E00DE00FFBD00 /* Release */,
			);
			defaultConfigurationIsVisible = 0;
			defaultConfigurationName = Release;
		};
/* End XCConfigurationList section */
	};
	rootObject = 4D96EA07242E00D900FFBD00 /* Project object */;
}
